
Microsoft Visual Studio Solution File, Format Version 12.00
# Visual Studio Version 17
VisualStudioVersion = 17.1.32104.313
MinimumVisualStudioVersion = 10.0.40219.1
Project("{9A19103F-16F7-4668-BE54-9A1E7A4F7556}") = "Task2_Collection_MyList", "Task1_Collection_MyList\Task2_Collection_MyList.csproj", "{FDCFCFE9-647C-49CB-892C-3346779DA4F7}"
EndProject
Project("{9A19103F-16F7-4668-BE54-9A1E7A4F7556}") = "Task3_Collection_MyDictionary_TKey,TValue", "Task2_Collection_MyDictionary_TKey,TValue\Task3_Collection_MyDictionary_TKey,TValue.csproj", "{C9EBBBAE-9998-40D7-8B08-0C7A4D6B486F}"
EndProject
Project("{FAE04EC0-301F-11D3-BF4B-00C04F79EFBC}") = "Task4_MyList_GetArray", "Task4_MyList_GetArray\Task4_MyList_GetArray.csproj", "{1F156689-DE6B-4387-A4E9-B479567C8083}"
EndProject
Global
	GlobalSection(SolutionConfigurationPlatforms) = preSolution
		Debug|Any CPU = Debug|Any CPU
		Release|Any CPU = Release|Any CPU
	EndGlobalSection
	GlobalSection(ProjectConfigurationPlatforms) = postSolution
		{FDCFCFE9-647C-49CB-892C-3346779DA4F7}.Debug|Any CPU.ActiveCfg = Debug|Any CPU
		{FDCFCFE9-647C-49CB-892C-3346779DA4F7}.Debug|Any CPU.Build.0 = Debug|Any CPU
		{FDCFCFE9-647C-49CB-892C-3346779DA4F7}.Release|Any CPU.ActiveCfg = Release|Any CPU
		{FDCFCFE9-647C-49CB-892C-3346779DA4F7}.Release|Any CPU.Build.0 = Release|Any CPU
		{C9EBBBAE-9998-40D7-8B08-0C7A4D6B486F}.Debug|Any CPU.ActiveCfg = Debug|Any CPU
		{C9EBBBAE-9998-40D7-8B08-0C7A4D6B486F}.Debug|Any CPU.Build.0 = Debug|Any CPU
		{C9EBBBAE-9998-40D7-8B08-0C7A4D6B486F}.Release|Any CPU.ActiveCfg = Release|Any CPU
		{C9EBBBAE-9998-40D7-8B08-0C7A4D6B486F}.Release|Any CPU.Build.0 = Release|Any CPU
		{1F156689-DE6B-4387-A4E9-B479567C8083}.Debug|Any CPU.ActiveCfg = Debug|Any CPU
		{1F156689-DE6B-4387-A4E9-B479567C8083}.Debug|Any CPU.Build.0 = Debug|Any CPU
		{1F156689-DE6B-4387-A4E9-B479567C8083}.Release|Any CPU.ActiveCfg = Release|Any CPU
		{1F156689-DE6B-4387-A4E9-B479567C8083}.Release|Any CPU.Build.0 = Release|Any CPU
	EndGlobalSection
	GlobalSection(SolutionProperties) = preSolution
		HideSolutionNode = FALSE
	EndGlobalSection
	GlobalSection(ExtensibilityGlobals) = postSolution
		SolutionGuid = {1AD94DD5-A6F0-4E49-87FA-867C35432DCB}
	EndGlobalSection
EndGlobal
